{
  "name": "til",
  "version": "1.0.0",
  "lockfileVersion": 1,
  "requires": true,
  "dependencies": {
    "markdown-it-attrs": {
      "version": "3.0.3",
      "resolved": "https://registry.npmjs.org/markdown-it-attrs/-/markdown-it-attrs-3.0.3.tgz",
      "integrity": "sha512-cLnICU2t61skNCr4Wih/sdza+UbQcqJGZwvqAypnbWA284nzDm+Gpc90iaRk/JjsIy4emag5v3s0rXFhFBWhCA==",
      "dev": true
    },
    "markdown-it-image-lazy-loading": {
      "version": "1.0.2",
      "resolved": "https://registry.npmjs.org/markdown-it-image-lazy-loading/-/markdown-it-image-lazy-loading-1.0.2.tgz",
      "integrity": "sha512-FBGKcF+zDSE7HEN9rGar6+36RtO3ozakqNLpbl2uL91DZQEIkXxN8uUZXJGCjvQL4O5f9IxeP5lagxX3FZ2SgA==",
      "dev": true
    },
    "markdown-it-image-loading": {
      "version": "1.0.2",
      "resolved": "https://registry.npmjs.org/markdown-it-image-loading/-/markdown-it-image-loading-1.0.2.tgz",
      "integrity": "sha512-fO7IXp7oK05i+fPacJ1qz8UT+sBE1xNghsSS//e3utPiq8y+EyaFbs3G71aReucvjsuoohPu66gK0lRyKkEcVw==",
      "dev": true,
      "requires": {
        "markdown-it-attrs": "^3.0.1"
      }
    },
    "markdown-it-imsize": {
      "version": "2.0.1",
      "resolved": "https://registry.npmjs.org/markdown-it-imsize/-/markdown-it-imsize-2.0.1.tgz",
      "integrity": "sha1-zKBCeQXQUziiR8ucqdloxc3dUXA=",
      "dev": true
    },
    "vuepress-plugin-image": {
      "version": "1.0.4",
      "resolved": "https://registry.npmjs.org/vuepress-plugin-image/-/vuepress-plugin-image-1.0.4.tgz",
      "integrity": "sha512-NzM2RSS/mnEUuhgrKvsE2RWbJhkQdZZp9RAvSH1gZ1JHUkyRjufpnnZECpg5fA5db66RJJsYlO0zQ+cAbUJTYA==",
      "dev": true,
      "requires": {
        "markdown-it-image-lazy-loading": "^1.0.2",
        "markdown-it-image-loading": "^1.0.2",
        "markdown-it-imsize": "^2.0.1"
      }
    }
  }
}
